
Microsoft Visual Studio Solution File, Format Version 12.00
# Visual Studio Version 16
VisualStudioVersion = 16.0.30204.135
MinimumVisualStudioVersion = 10.0.40219.1
Project("{FAE04EC0-301F-11D3-BF4B-00C04F79EFBC}") = "RetailDataManager", "RetailDataManager\RetailDataManager.csproj", "{2B4D7E36-5C57-452A-9DE3-8A982015DAFB}"
EndProject
Project("{00D1A9C2-B5F0-4AF3-8072-F6C62B433612}") = "RetailDatabase", "RetailDatabase\RetailDatabase.sqlproj", "{16AEEC94-CC42-44CC-9622-8C13820B2DAD}"
EndProject
Global
	GlobalSection(SolutionConfigurationPlatforms) = preSolution
		Debug|Any CPU = Debug|Any CPU
		Release|Any CPU = Release|Any CPU
	EndGlobalSection
	GlobalSection(ProjectConfigurationPlatforms) = postSolution
		{2B4D7E36-5C57-452A-9DE3-8A982015DAFB}.Debug|Any CPU.ActiveCfg = Debug|Any CPU
		{2B4D7E36-5C57-452A-9DE3-8A982015DAFB}.Debug|Any CPU.Build.0 = Debug|Any CPU
		{2B4D7E36-5C57-452A-9DE3-8A982015DAFB}.Release|Any CPU.ActiveCfg = Release|Any CPU
		{2B4D7E36-5C57-452A-9DE3-8A982015DAFB}.Release|Any CPU.Build.0 = Release|Any CPU
		{16AEEC94-CC42-44CC-9622-8C13820B2DAD}.Debug|Any CPU.ActiveCfg = Debug|Any CPU
		{16AEEC94-CC42-44CC-9622-8C13820B2DAD}.Debug|Any CPU.Build.0 = Debug|Any CPU
		{16AEEC94-CC42-44CC-9622-8C13820B2DAD}.Debug|Any CPU.Deploy.0 = Debug|Any CPU
		{16AEEC94-CC42-44CC-9622-8C13820B2DAD}.Release|Any CPU.ActiveCfg = Release|Any CPU
		{16AEEC94-CC42-44CC-9622-8C13820B2DAD}.Release|Any CPU.Build.0 = Release|Any CPU
		{16AEEC94-CC42-44CC-9622-8C13820B2DAD}.Release|Any CPU.Deploy.0 = Release|Any CPU
	EndGlobalSection
	GlobalSection(SolutionProperties) = preSolution
		HideSolutionNode = FALSE
	EndGlobalSection
	GlobalSection(ExtensibilityGlobals) = postSolution
		SolutionGuid = {60821782-93C3-4F62-BC65-B85B271B7CC3}
	EndGlobalSection
EndGlobal
